
Microsoft Visual Studio Solution File, Format Version 12.00
# Visual Studio Version 17
VisualStudioVersion = 17.14.36623.8 d17.14
MinimumVisualStudioVersion = 10.0.40219.1
Project("{FAE04EC0-301F-11D3-BF4B-00C04F79EFBC}") = "LinearExpressions1", "LinearExpressions1.csproj", "{862996EC-886C-4616-9864-9C1577F8F26B}"
EndProject
Global
	GlobalSection(SolutionConfigurationPlatforms) = preSolution
		Debug|Any CPU = Debug|Any CPU
		Release|Any CPU = Release|Any CPU
	EndGlobalSection
	GlobalSection(ProjectConfigurationPlatforms) = postSolution
		{862996EC-886C-4616-9864-9C1577F8F26B}.Debug|Any CPU.ActiveCfg = Debug|Any CPU
		{862996EC-886C-4616-9864-9C1577F8F26B}.Debug|Any CPU.Build.0 = Debug|Any CPU
		{862996EC-886C-4616-9864-9C1577F8F26B}.Release|Any CPU.ActiveCfg = Release|Any CPU
		{862996EC-886C-4616-9864-9C1577F8F26B}.Release|Any CPU.Build.0 = Release|Any CPU
	EndGlobalSection
	GlobalSection(SolutionProperties) = preSolution
		HideSolutionNode = FALSE
	EndGlobalSection
	GlobalSection(ExtensibilityGlobals) = postSolution
		SolutionGuid = {8683B415-06C0-4A33-A939-FDC9C4BEBEDA}
	EndGlobalSection
EndGlobal
